
Microsoft Visual Studio Solution File, Format Version 12.00
# Visual Studio Version 17
VisualStudioVersion = 17.11.35222.181
MinimumVisualStudioVersion = 10.0.40219.1
Project("{FAE04EC0-301F-11D3-BF4B-00C04F79EFBC}") = "ApiCursoLinqCanal", "ApiCursoLinqCanal\ApiCursoLinqCanal.csproj", "{A5D77EC3-41AC-4F55-8DA3-B11AF1C39699}"
EndProject
Global
	GlobalSection(SolutionConfigurationPlatforms) = preSolution
		Debug|Any CPU = Debug|Any CPU
		Release|Any CPU = Release|Any CPU
	EndGlobalSection
	GlobalSection(ProjectConfigurationPlatforms) = postSolution
		{A5D77EC3-41AC-4F55-8DA3-B11AF1C39699}.Debug|Any CPU.ActiveCfg = Debug|Any CPU
		{A5D77EC3-41AC-4F55-8DA3-B11AF1C39699}.Debug|Any CPU.Build.0 = Debug|Any CPU
		{A5D77EC3-41AC-4F55-8DA3-B11AF1C39699}.Release|Any CPU.ActiveCfg = Release|Any CPU
		{A5D77EC3-41AC-4F55-8DA3-B11AF1C39699}.Release|Any CPU.Build.0 = Release|Any CPU
	EndGlobalSection
	GlobalSection(SolutionProperties) = preSolution
		HideSolutionNode = FALSE
	EndGlobalSection
	GlobalSection(ExtensibilityGlobals) = postSolution
		SolutionGuid = {C6EAD331-7452-49F6-8F9C-129BE0EE5FC4}
	EndGlobalSection
EndGlobal
